%{"ex_doc": {:git, "git://github.com/elixir-lang/ex_doc.git", "98567bc87369d710d31d46bfa9ce0d3bf18cb0d4", []},
  "hoedown": {:git, "git://github.com/hoedown/hoedown.git", "7e5ba30c23f2a455cc041a8d1307d3b75e8eec1a", []},
  "markdown": {:git, "git://github.com/devinus/markdown.git", "a428908a6dd88f351775d1d3da530a1a2aa0d6cb", []}}
